
Microsoft Visual Studio Solution File, Format Version 12.00
Project("{FAE04EC0-301F-11D3-BF4B-00C04F79EFBC}") = "RoslynAnalyzers.POC.App", "RoslynAnalyzers.POC.App\RoslynAnalyzers.POC.App.csproj", "{B3A33826-03B9-48BA-B710-28BF508538C7}"
EndProject
Project("{FAE04EC0-301F-11D3-BF4B-00C04F79EFBC}") = "RoslynAnalyzers.POC.Rules", "RoslynAnalyzers.POC.Rules\RoslynAnalyzers.POC.Rules.csproj", "{058067CB-B499-46F4-8E2F-2FB334A5A176}"
EndProject
Global
	GlobalSection(SolutionConfigurationPlatforms) = preSolution
		Debug|Any CPU = Debug|Any CPU
		Release|Any CPU = Release|Any CPU
	EndGlobalSection
	GlobalSection(ProjectConfigurationPlatforms) = postSolution
		{B3A33826-03B9-48BA-B710-28BF508538C7}.Debug|Any CPU.ActiveCfg = Debug|Any CPU
		{B3A33826-03B9-48BA-B710-28BF508538C7}.Debug|Any CPU.Build.0 = Debug|Any CPU
		{B3A33826-03B9-48BA-B710-28BF508538C7}.Release|Any CPU.ActiveCfg = Release|Any CPU
		{B3A33826-03B9-48BA-B710-28BF508538C7}.Release|Any CPU.Build.0 = Release|Any CPU
		{058067CB-B499-46F4-8E2F-2FB334A5A176}.Debug|Any CPU.ActiveCfg = Debug|Any CPU
		{058067CB-B499-46F4-8E2F-2FB334A5A176}.Debug|Any CPU.Build.0 = Debug|Any CPU
		{058067CB-B499-46F4-8E2F-2FB334A5A176}.Release|Any CPU.ActiveCfg = Release|Any CPU
		{058067CB-B499-46F4-8E2F-2FB334A5A176}.Release|Any CPU.Build.0 = Release|Any CPU
	EndGlobalSection
EndGlobal
